// !$*UTF8*$!
{
	archiveVersion = 1;
	classes = {
	};
	objectVersion = 51;
	objects = {

/* Begin PBXBuildFile section */
		D1241CC16A02740A60DAC283 /* Pods_Hackaton.framework in Frameworks */ = {isa = PBXBuildFile; fileRef = 8A471BD5CAFF1004052C2D74 /* Pods_Hackaton.framework */; };
		F061BDCD24C5D97F00261816 /* GoogleService-Info.plist in Resources */ = {isa = PBXBuildFile; fileRef = F061BDCC24C5D97F00261816 /* GoogleService-Info.plist */; };
		F0A5611324C5CBB900CC0CE7 /* AppDelegate.swift in Sources */ = {isa = PBXBuildFile; fileRef = F0A5611224C5CBB900CC0CE7 /* AppDelegate.swift */; };
		F0A5611524C5CBB900CC0CE7 /* SceneDelegate.swift in Sources */ = {isa = PBXBuildFile; fileRef = F0A5611424C5CBB900CC0CE7 /* SceneDelegate.swift */; };
		F0A5611724C5CBB900CC0CE7 /* TeamsListViewController.swift in Sources */ = {isa = PBXBuildFile; fileRef = F0A5611624C5CBB900CC0CE7 /* TeamsListViewController.swift */; };
		F0A5611A24C5CBB900CC0CE7 /* Main.storyboard in Resources */ = {isa = PBXBuildFile; fileRef = F0A5611824C5CBB900CC0CE7 /* Main.storyboard */; };
		F0A5611C24C5CBBB00CC0CE7 /* Assets.xcassets in Resources */ = {isa = PBXBuildFile; fileRef = F0A5611B24C5CBBB00CC0CE7 /* Assets.xcassets */; };
		F0A5611F24C5CBBB00CC0CE7 /* LaunchScreen.storyboard in Resources */ = {isa = PBXBuildFile; fileRef = F0A5611D24C5CBBB00CC0CE7 /* LaunchScreen.storyboard */; };
		F0DF3A9324C5ED830095F8DF /* TeamDetailTableViewController.swift in Sources */ = {isa = PBXBuildFile; fileRef = F0DF3A9224C5ED830095F8DF /* TeamDetailTableViewController.swift */; };
		F0E0719624C60C1600B6D535 /* Team.swift in Sources */ = {isa = PBXBuildFile; fileRef = F0E0719524C60C1600B6D535 /* Team.swift */; };
		F0E0719824C6E77500B6D535 /* Teams.swift in Sources */ = {isa = PBXBuildFile; fileRef = F0E0719724C6E77500B6D535 /* Teams.swift */; };
/* End PBXBuildFile section */

/* Begin PBXFileReference section */
		26B4A4D00826FFC1FEF50BDF /* Pods-Hackaton.release.xcconfig */ = {isa = PBXFileReference; includeInIndex = 1; lastKnownFileType = text.xcconfig; name = "Pods-Hackaton.release.xcconfig"; path = "Target Support Files/Pods-Hackaton/Pods-Hackaton.release.xcconfig"; sourceTree = "<group>"; };
		86CEA0B95A5BC722FD89AC06 /* Pods-Hackaton.debug.xcconfig */ = {isa = PBXFileReference; includeInIndex = 1; lastKnownFileType = text.xcconfig; name = "Pods-Hackaton.debug.xcconfig"; path = "Target Support Files/Pods-Hackaton/Pods-Hackaton.debug.xcconfig"; sourceTree = "<group>"; };
		8A471BD5CAFF1004052C2D74 /* Pods_Hackaton.framework */ = {isa = PBXFileReference; explicitFileType = wrapper.framework; includeInIndex = 0; path = Pods_Hackaton.framework; sourceTree = BUILT_PRODUCTS_DIR; };
		F061BDCC24C5D97F00261816 /* GoogleService-Info.plist */ = {isa = PBXFileReference; lastKnownFileType = text.plist; path = "GoogleService-Info.plist"; sourceTree = SOURCE_ROOT; };
		F0A5610F24C5CBB900CC0CE7 /* Hackaton.app */ = {isa = PBXFileReference; explicitFileType = wrapper.application; includeInIndex = 0; path = Hackaton.app; sourceTree = BUILT_PRODUCTS_DIR; };
		F0A5611224C5CBB900CC0CE7 /* AppDelegate.swift */ = {isa = PBXFileReference; lastKnownFileType = sourcecode.swift; path = AppDelegate.swift; sourceTree = "<group>"; };
		F0A5611424C5CBB900CC0CE7 /* SceneDelegate.swift */ = {isa = PBXFileReference; lastKnownFileType = sourcecode.swift; path = SceneDelegate.swift; sourceTree = "<group>"; };
		F0A5611624C5CBB900CC0CE7 /* TeamsListViewController.swift */ = {isa = PBXFileReference; lastKnownFileType = sourcecode.swift; path = TeamsListViewController.swift; sourceTree = "<group>"; };
		F0A5611924C5CBB900CC0CE7 /* Base */ = {isa = PBXFileReference; lastKnownFileType = file.storyboard; name = Base; path = Base.lproj/Main.storyboard; sourceTree = "<group>"; };
		F0A5611B24C5CBBB00CC0CE7 /* Assets.xcassets */ = {isa = PBXFileReference; lastKnownFileType = folder.assetcatalog; path = Assets.xcassets; sourceTree = "<group>"; };
		F0A5611E24C5CBBB00CC0CE7 /* Base */ = {isa = PBXFileReference; lastKnownFileType = file.storyboard; name = Base; path = Base.lproj/LaunchScreen.storyboard; sourceTree = "<group>"; };
		F0A5612024C5CBBB00CC0CE7 /* Info.plist */ = {isa = PBXFileReference; lastKnownFileType = text.plist.xml; path = Info.plist; sourceTree = "<group>"; };
		F0DF3A9224C5ED830095F8DF /* TeamDetailTableViewController.swift */ = {isa = PBXFileReference; lastKnownFileType = sourcecode.swift; path = TeamDetailTableViewController.swift; sourceTree = "<group>"; };
		F0E0719524C60C1600B6D535 /* Team.swift */ = {isa = PBXFileReference; lastKnownFileType = sourcecode.swift; path = Team.swift; sourceTree = "<group>"; };
		F0E0719724C6E77500B6D535 /* Teams.swift */ = {isa = PBXFileReference; lastKnownFileType = sourcecode.swift; path = Teams.swift; sourceTree = "<group>"; };
/* End PBXFileReference section */

/* Begin PBXFrameworksBuildPhase section */
		F0A5610C24C5CBB900CC0CE7 /* Frameworks */ = {
			isa = PBXFrameworksBuildPhase;
			buildActionMask = 2147483647;
			files = (
				D1241CC16A02740A60DAC283 /* Pods_Hackaton.framework in Frameworks */,
			);
			runOnlyForDeploymentPostprocessing = 0;
		};
/* End PBXFrameworksBuildPhase section */

/* Begin PBXGroup section */
		065618F139CC117AF33149F5 /* Frameworks */ = {
			isa = PBXGroup;
			children = (
				8A471BD5CAFF1004052C2D74 /* Pods_Hackaton.framework */,
			);
			name = Frameworks;
			sourceTree = "<group>";
		};
		CFA6D1029A46DE9A75BA15E8 /* Pods */ = {
			isa = PBXGroup;
			children = (
				86CEA0B95A5BC722FD89AC06 /* Pods-Hackaton.debug.xcconfig */,
				26B4A4D00826FFC1FEF50BDF /* Pods-Hackaton.release.xcconfig */,
			);
			path = Pods;
			sourceTree = "<group>";
		};
		F0A5610624C5CBB900CC0CE7 = {
			isa = PBXGroup;
			children = (
				F0A5611124C5CBB900CC0CE7 /* Hackaton */,
				F0A5611024C5CBB900CC0CE7 /* Products */,
				CFA6D1029A46DE9A75BA15E8 /* Pods */,
				065618F139CC117AF33149F5 /* Frameworks */,
			);
			sourceTree = "<group>";
		};
		F0A5611024C5CBB900CC0CE7 /* Products */ = {
			isa = PBXGroup;
			children = (
				F0A5610F24C5CBB900CC0CE7 /* Hackaton.app */,
			);
			name = Products;
			sourceTree = "<group>";
		};
		F0A5611124C5CBB900CC0CE7 /* Hackaton */ = {
			isa = PBXGroup;
			children = (
				F0A5611224C5CBB900CC0CE7 /* AppDelegate.swift */,
				F0A5611424C5CBB900CC0CE7 /* SceneDelegate.swift */,
				F0A5611624C5CBB900CC0CE7 /* TeamsListViewController.swift */,
				F0DF3A9224C5ED830095F8DF /* TeamDetailTableViewController.swift */,
				F0E0719524C60C1600B6D535 /* Team.swift */,
				F0E0719724C6E77500B6D535 /* Teams.swift */,
				F0A5611824C5CBB900CC0CE7 /* Main.storyboard */,
				F0A5611B24C5CBBB00CC0CE7 /* Assets.xcassets */,
				F0A5611D24C5CBBB00CC0CE7 /* LaunchScreen.storyboard */,
				F0A5612024C5CBBB00CC0CE7 /* Info.plist */,
				F061BDCC24C5D97F00261816 /* GoogleService-Info.plist */,
			);
			path = Hackaton;
			sourceTree = "<group>";
		};
/* End PBXGroup section */

/* Begin PBXNativeTarget section */
		F0A5610E24C5CBB900CC0CE7 /* Hackaton */ = {
			isa = PBXNativeTarget;
			buildConfigurationList = F0A5612324C5CBBB00CC0CE7 /* Build configuration list for PBXNativeTarget "Hackaton" */;
			buildPhases = (
				B4B108852525CEFD70904B3D /* [CP] Check Pods Manifest.lock */,
				F0A5610B24C5CBB900CC0CE7 /* Sources */,
				F0A5610C24C5CBB900CC0CE7 /* Frameworks */,
				F0A5610D24C5CBB900CC0CE7 /* Resources */,
				42022B76DC726262105520AD /* [CP] Embed Pods Frameworks */,
				FDD20811DED3BB93E84142FF /* [CP] Copy Pods Resources */,
			);
			buildRules = (
			);
			dependencies = (
			);
			name = Hackaton;
			productName = Hackaton;
			productReference = F0A5610F24C5CBB900CC0CE7 /* Hackaton.app */;
			productType = "com.apple.product-type.application";
		};
/* End PBXNativeTarget section */

/* Begin PBXProject section */
		F0A5610724C5CBB900CC0CE7 /* Project object */ = {
			isa = PBXProject;
			attributes = {
				LastSwiftUpdateCheck = 1150;
				LastUpgradeCheck = 1150;
				ORGANIZATIONNAME = "Romain Francois";
				TargetAttributes = {
					F0A5610E24C5CBB900CC0CE7 = {
						CreatedOnToolsVersion = 11.5;
					};
				};
			};
			buildConfigurationList = F0A5610A24C5CBB900CC0CE7 /* Build configuration list for PBXProject "Hackaton" */;
			compatibilityVersion = "Xcode 9.3";
			developmentRegion = en;
			hasScannedForEncodings = 0;
			knownRegions = (
				en,
				Base,
			);
			mainGroup = F0A5610624C5CBB900CC0CE7;
			productRefGroup = F0A5611024C5CBB900CC0CE7 /* Products */;
			projectDirPath = "";
			projectRoot = "";
			targets = (
				F0A5610E24C5CBB900CC0CE7 /* Hackaton */,
			);
		};
/* End PBXProject section */

/* Begin PBXResourcesBuildPhase section */
		F0A5610D24C5CBB900CC0CE7 /* Resources */ = {
			isa = PBXResourcesBuildPhase;
			buildActionMask = 2147483647;
			files = (
				F0A5611F24C5CBBB00CC0CE7 /* LaunchScreen.storyboard in Resources */,
				F061BDCD24C5D97F00261816 /* GoogleService-Info.plist in Resources */,
				F0A5611C24C5CBBB00CC0CE7 /* Assets.xcassets in Resources */,
				F0A5611A24C5CBB900CC0CE7 /* Main.storyboard in Resources */,
			);
			runOnlyForDeploymentPostprocessing = 0;
		};
/* End PBXResourcesBuildPhase section */

/* Begin PBXShellScriptBuildPhase section */
		42022B76DC726262105520AD /* [CP] Embed Pods Frameworks */ = {
			isa = PBXShellScriptBuildPhase;
			buildActionMask = 2147483647;
			files = (
			);
			inputFileListPaths = (
				"${PODS_ROOT}/Target Support Files/Pods-Hackaton/Pods-Hackaton-frameworks-${CONFIGURATION}-input-files.xcfilelist",
			);
			name = "[CP] Embed Pods Frameworks";
			outputFileListPaths = (
				"${PODS_ROOT}/Target Support Files/Pods-Hackaton/Pods-Hackaton-frameworks-${CONFIGURATION}-output-files.xcfilelist",
			);
			runOnlyForDeploymentPostprocessing = 0;
			shellPath = /bin/sh;
			shellScript = "\"${PODS_ROOT}/Target Support Files/Pods-Hackaton/Pods-Hackaton-frameworks.sh\"\n";
			showEnvVarsInLog = 0;
		};
		B4B108852525CEFD70904B3D /* [CP] Check Pods Manifest.lock */ = {
			isa = PBXShellScriptBuildPhase;
			buildActionMask = 2147483647;
			files = (
			);
			inputFileListPaths = (
			);
			inputPaths = (
				"${PODS_PODFILE_DIR_PATH}/Podfile.lock",
				"${PODS_ROOT}/Manifest.lock",
			);
			name = "[CP] Check Pods Manifest.lock";
			outputFileListPaths = (
			);
			outputPaths = (
				"$(DERIVED_FILE_DIR)/Pods-Hackaton-checkManifestLockResult.txt",
			);
			runOnlyForDeploymentPostprocessing = 0;
			shellPath = /bin/sh;
			shellScript = "diff \"${PODS_PODFILE_DIR_PATH}/Podfile.lock\" \"${PODS_ROOT}/Manifest.lock\" > /dev/null\nif [ $? != 0 ] ; then\n    # print error to STDERR\n    echo \"error: The sandbox is not in sync with the Podfile.lock. Run 'pod install' or update your CocoaPods installation.\" >&2\n    exit 1\nfi\n# This output is used by Xcode 'outputs' to avoid re-running this script phase.\necho \"SUCCESS\" > \"${SCRIPT_OUTPUT_FILE_0}\"\n";
			showEnvVarsInLog = 0;
		};
		FDD20811DED3BB93E84142FF /* [CP] Copy Pods Resources */ = {
			isa = PBXShellScriptBuildPhase;
			buildActionMask = 2147483647;
			files = (
			);
			inputFileListPaths = (
				"${PODS_ROOT}/Target Support Files/Pods-Hackaton/Pods-Hackaton-resources-${CONFIGURATION}-input-files.xcfilelist",
			);
			name = "[CP] Copy Pods Resources";
			outputFileListPaths = (
				"${PODS_ROOT}/Target Support Files/Pods-Hackaton/Pods-Hackaton-resources-${CONFIGURATION}-output-files.xcfilelist",
			);
			runOnlyForDeploymentPostprocessing = 0;
			shellPath = /bin/sh;
			shellScript = "\"${PODS_ROOT}/Target Support Files/Pods-Hackaton/Pods-Hackaton-resources.sh\"\n";
			showEnvVarsInLog = 0;
		};
/* End PBXShellScriptBuildPhase section */

/* Begin PBXSourcesBuildPhase section */
		F0A5610B24C5CBB900CC0CE7 /* Sources */ = {
			isa = PBXSourcesBuildPhase;
			buildActionMask = 2147483647;
			files = (
				F0E0719824C6E77500B6D535 /* Teams.swift in Sources */,
				F0A5611724C5CBB900CC0CE7 /* TeamsListViewController.swift in Sources */,
				F0A5611324C5CBB900CC0CE7 /* AppDelegate.swift in Sources */,
				F0A5611524C5CBB900CC0CE7 /* SceneDelegate.swift in Sources */,
				F0E0719624C60C1600B6D535 /* Team.swift in Sources */,
				F0DF3A9324C5ED830095F8DF /* TeamDetailTableViewController.swift in Sources */,
			);
			runOnlyForDeploymentPostprocessing = 0;
		};
/* End PBXSourcesBuildPhase section */

/* Begin PBXVariantGroup section */
		F0A5611824C5CBB900CC0CE7 /* Main.storyboard */ = {
			isa = PBXVariantGroup;
			children = (
				F0A5611924C5CBB900CC0CE7 /* Base */,
			);
			name = Main.storyboard;
			sourceTree = "<group>";
		};
		F0A5611D24C5CBBB00CC0CE7 /* LaunchScreen.storyboard */ = {
			isa = PBXVariantGroup;
			children = (
				F0A5611E24C5CBBB00CC0CE7 /* Base */,
			);
			name = LaunchScreen.storyboard;
			sourceTree = "<group>";
		};
/* End PBXVariantGroup section */

/* Begin XCBuildConfiguration section */
		F0A5612124C5CBBB00CC0CE7 /* Debug */ = {
			isa = XCBuildConfiguration;
			buildSettings = {
				ALWAYS_SEARCH_USER_PATHS = NO;
				CLANG_ANALYZER_NONNULL = YES;
				CLANG_ANALYZER_NUMBER_OBJECT_CONVERSION = YES_AGGRESSIVE;
				CLANG_CXX_LANGUAGE_STANDARD = "gnu++14";
				CLANG_CXX_LIBRARY = "libc++";
				CLANG_ENABLE_MODULES = YES;
				CLANG_ENABLE_OBJC_ARC = YES;
				CLANG_ENABLE_OBJC_WEAK = YES;
				CLANG_WARN_BLOCK_CAPTURE_AUTORELEASING = YES;
				CLANG_WARN_BOOL_CONVERSION = YES;
				CLANG_WARN_COMMA = YES;
				CLANG_WARN_CONSTANT_CONVERSION = YES;
				CLANG_WARN_DEPRECATED_OBJC_IMPLEMENTATIONS = YES;
				CLANG_WARN_DIRECT_OBJC_ISA_USAGE = YES_ERROR;
				CLANG_WARN_DOCUMENTATION_COMMENTS = YES;
				CLANG_WARN_EMPTY_BODY = YES;
				CLANG_WARN_ENUM_CONVERSION = YES;
				CLANG_WARN_INFINITE_RECURSION = YES;
				CLANG_WARN_INT_CONVERSION = YES;
				CLANG_WARN_NON_LITERAL_NULL_CONVERSION = YES;
				CLANG_WARN_OBJC_IMPLICIT_RETAIN_SELF = YES;
				CLANG_WARN_OBJC_LITERAL_CONVERSION = YES;
				CLANG_WARN_OBJC_ROOT_CLASS = YES_ERROR;
				CLANG_WARN_RANGE_LOOP_ANALYSIS = YES;
				CLANG_WARN_STRICT_PROTOTYPES = YES;
				CLANG_WARN_SUSPICIOUS_MOVE = YES;
				CLANG_WARN_UNGUARDED_AVAILABILITY = YES_AGGRESSIVE;
				CLANG_WARN_UNREACHABLE_CODE = YES;
				CLANG_WARN__DUPLICATE_METHOD_MATCH = YES;
				COPY_PHASE_STRIP = NO;
				DEBUG_INFORMATION_FORMAT = dwarf;
				ENABLE_STRICT_OBJC_MSGSEND = YES;
				ENABLE_TESTABILITY = YES;
				GCC_C_LANGUAGE_STANDARD = gnu11;
				GCC_DYNAMIC_NO_PIC = NO;
				GCC_NO_COMMON_BLOCKS = YES;
				GCC_OPTIMIZATION_LEVEL = 0;
				GCC_PREPROCESSOR_DEFINITIONS = (
					"DEBUG=1",
					"$(inherited)",
				);
				GCC_WARN_64_TO_32_BIT_CONVERSION = YES;
				GCC_WARN_ABOUT_RETURN_TYPE = YES_ERROR;
				GCC_WARN_UNDECLARED_SELECTOR = YES;
				GCC_WARN_UNINITIALIZED_AUTOS = YES_AGGRESSIVE;
				GCC_WARN_UNUSED_FUNCTION = YES;
				GCC_WARN_UNUSED_VARIABLE = YES;
				IPHONEOS_DEPLOYMENT_TARGET = 13.5;
				MTL_ENABLE_DEBUG_INFO = INCLUDE_SOURCE;
				MTL_FAST_MATH = YES;
				ONLY_ACTIVE_ARCH = YES;
				SDKROOT = iphoneos;
				SWIFT_ACTIVE_COMPILATION_CONDITIONS = DEBUG;
				SWIFT_OPTIMIZATION_LEVEL = "-Onone";
			};
			name = Debug;
		};
		F0A5612224C5CBBB00CC0CE7 /* Release */ = {
			isa = XCBuildConfiguration;
			buildSettings = {
				ALWAYS_SEARCH_USER_PATHS = NO;
				CLANG_ANALYZER_NONNULL = YES;
				CLANG_ANALYZER_NUMBER_OBJECT_CONVERSION = YES_AGGRESSIVE;
				CLANG_CXX_LANGUAGE_STANDARD = "gnu++14";
				CLANG_CXX_LIBRARY = "libc++";
				CLANG_ENABLE_MODULES = YES;
				CLANG_ENABLE_OBJC_ARC = YES;
				CLANG_ENABLE_OBJC_WEAK = YES;
				CLANG_WARN_BLOCK_CAPTURE_AUTORELEASING = YES;
				CLANG_WARN_BOOL_CONVERSION = YES;
				CLANG_WARN_COMMA = YES;
				CLANG_WARN_CONSTANT_CONVERSION = YES;
				CLANG_WARN_DEPRECATED_OBJC_IMPLEMENTATIONS = YES;
				CLANG_WARN_DIRECT_OBJC_ISA_USAGE = YES_ERROR;
				CLANG_WARN_DOCUMENTATION_COMMENTS = YES;
				CLANG_WARN_EMPTY_BODY = YES;
				CLANG_WARN_ENUM_CONVERSION = YES;
				CLANG_WARN_INFINITE_RECURSION = YES;
				CLANG_WARN_INT_CONVERSION = YES;
				CLANG_WARN_NON_LITERAL_NULL_CONVERSION = YES;
				CLANG_WARN_OBJC_IMPLICIT_RETAIN_SELF = YES;
				CLANG_WARN_OBJC_LITERAL_CONVERSION = YES;
				CLANG_WARN_OBJC_ROOT_CLASS = YES_ERROR;
				CLANG_WARN_RANGE_LOOP_ANALYSIS = YES;
				CLANG_WARN_STRICT_PROTOTYPES = YES;
				CLANG_WARN_SUSPICIOUS_MOVE = YES;
				CLANG_WARN_UNGUARDED_AVAILABILITY = YES_AGGRESSIVE;
				CLANG_WARN_UNREACHABLE_CODE = YES;
				CLANG_WARN__DUPLICATE_METHOD_MATCH = YES;
				COPY_PHASE_STRIP = NO;
				DEBUG_INFORMATION_FORMAT = "dwarf-with-dsym";
				ENABLE_NS_ASSERTIONS = NO;
				ENABLE_STRICT_OBJC_MSGSEND = YES;
				GCC_C_LANGUAGE_STANDARD = gnu11;
				GCC_NO_COMMON_BLOCKS = YES;
				GCC_WARN_64_TO_32_BIT_CONVERSION = YES;
				GCC_WARN_ABOUT_RETURN_TYPE = YES_ERROR;
				GCC_WARN_UNDECLARED_SELECTOR = YES;
				GCC_WARN_UNINITIALIZED_AUTOS = YES_AGGRESSIVE;
				GCC_WARN_UNUSED_FUNCTION = YES;
				GCC_WARN_UNUSED_VARIABLE = YES;
				IPHONEOS_DEPLOYMENT_TARGET = 13.5;
				MTL_ENABLE_DEBUG_INFO = NO;
				MTL_FAST_MATH = YES;
				SDKROOT = iphoneos;
				SWIFT_COMPILATION_MODE = wholemodule;
				SWIFT_OPTIMIZATION_LEVEL = "-O";
				VALIDATE_PRODUCT = YES;
			};
			name = Release;
		};
		F0A5612424C5CBBB00CC0CE7 /* Debug */ = {
			isa = XCBuildConfiguration;
			baseConfigurationReference = 86CEA0B95A5BC722FD89AC06 /* Pods-Hackaton.debug.xcconfig */;
			buildSettings = {
				ASSETCATALOG_COMPILER_APPICON_NAME = AppIcon;
				CODE_SIGN_STYLE = Automatic;
				DEVELOPMENT_TEAM = CH5PVURW9G;
				INFOPLIST_FILE = Hackaton/Info.plist;
				LD_RUNPATH_SEARCH_PATHS = (
					"$(inherited)",
					"@executable_path/Frameworks",
				);
				PRODUCT_BUNDLE_IDENTIFIER = com.romainfrancois.ios.Hackaton;
				PRODUCT_NAME = "$(TARGET_NAME)";
				SWIFT_VERSION = 5.0;
				TARGETED_DEVICE_FAMILY = "1,2";
			};
			name = Debug;
		};
		F0A5612524C5CBBB00CC0CE7 /* Release */ = {
			isa = XCBuildConfiguration;
			baseConfigurationReference = 26B4A4D00826FFC1FEF50BDF /* Pods-Hackaton.release.xcconfig */;
			buildSettings = {
				ASSETCATALOG_COMPILER_APPICON_NAME = AppIcon;
				CODE_SIGN_STYLE = Automatic;
				DEVELOPMENT_TEAM = CH5PVURW9G;
				INFOPLIST_FILE = Hackaton/Info.plist;
				LD_RUNPATH_SEARCH_PATHS = (
					"$(inherited)",
					"@executable_path/Frameworks",
				);
				PRODUCT_BUNDLE_IDENTIFIER = com.romainfrancois.ios.Hackaton;
				PRODUCT_NAME = "$(TARGET_NAME)";
				SWIFT_VERSION = 5.0;
				TARGETED_DEVICE_FAMILY = "1,2";
			};
			name = Release;
		};
/* End XCBuildConfiguration section */

/* Begin XCConfigurationList section */
		F0A5610A24C5CBB900CC0CE7 /* Build configuration list for PBXProject "Hackaton" */ = {
			isa = XCConfigurationList;
			buildConfigurations = (
				F0A5612124C5CBBB00CC0CE7 /* Debug */,
				F0A5612224C5CBBB00CC0CE7 /* Release */,
			);
			defaultConfigurationIsVisible = 0;
			defaultConfigurationName = Release;
		};
		F0A5612324C5CBBB00CC0CE7 /* Build configuration list for PBXNativeTarget "Hackaton" */ = {
			isa = XCConfigurationList;
			buildConfigurations = (
				F0A5612424C5CBBB00CC0CE7 /* Debug */,
				F0A5612524C5CBBB00CC0CE7 /* Release */,
			);
			defaultConfigurationIsVisible = 0;
			defaultConfigurationName = Release;
		};
/* End XCConfigurationList section */
	};
	rootObject = F0A5610724C5CBB900CC0CE7 /* Project object */;
}
